
Microsoft Visual Studio Solution File, Format Version 12.00
# Visual Studio 2013
VisualStudioVersion = 12.0.31101.0
MinimumVisualStudioVersion = 10.0.40219.1
Project("{FAE04EC0-301F-11D3-BF4B-00C04F79EFBC}") = "SharpShapes", "ClassLibrary1\SharpShapes.csproj", "{A5DE97D1-1161-4537-A7B4-927224282B23}"
EndProject
Project("{FAE04EC0-301F-11D3-BF4B-00C04F79EFBC}") = "TestSharpShapes", "TestSharpShapes\TestSharpShapes.csproj", "{4872399A-4565-42D6-BCF3-83979321335B}"
EndProject
Global
	GlobalSection(SolutionConfigurationPlatforms) = preSolution
		Debug|Any CPU = Debug|Any CPU
		Release|Any CPU = Release|Any CPU
	EndGlobalSection
	GlobalSection(ProjectConfigurationPlatforms) = postSolution
		{A5DE97D1-1161-4537-A7B4-927224282B23}.Debug|Any CPU.ActiveCfg = Debug|Any CPU
		{A5DE97D1-1161-4537-A7B4-927224282B23}.Debug|Any CPU.Build.0 = Debug|Any CPU
		{A5DE97D1-1161-4537-A7B4-927224282B23}.Release|Any CPU.ActiveCfg = Release|Any CPU
		{A5DE97D1-1161-4537-A7B4-927224282B23}.Release|Any CPU.Build.0 = Release|Any CPU
		{4872399A-4565-42D6-BCF3-83979321335B}.Debug|Any CPU.ActiveCfg = Debug|Any CPU
		{4872399A-4565-42D6-BCF3-83979321335B}.Debug|Any CPU.Build.0 = Debug|Any CPU
		{4872399A-4565-42D6-BCF3-83979321335B}.Release|Any CPU.ActiveCfg = Release|Any CPU
		{4872399A-4565-42D6-BCF3-83979321335B}.Release|Any CPU.Build.0 = Release|Any CPU
	EndGlobalSection
	GlobalSection(SolutionProperties) = preSolution
		HideSolutionNode = FALSE
	EndGlobalSection
EndGlobal
